// !$*UTF8*$!
{
	archiveVersion = 1;
	classes = {
	};
	objectVersion = 55;
	objects = {

/* Begin PBXBuildFile section */
		10371118289002B90072E195 /* AppDelegate.swift in Sources */ = {isa = PBXBuildFile; fileRef = 10371117289002B90072E195 /* AppDelegate.swift */; };
		1037111A289002B90072E195 /* SceneDelegate.swift in Sources */ = {isa = PBXBuildFile; fileRef = 10371119289002B90072E195 /* SceneDelegate.swift */; };
		1037111C289002B90072E195 /* ViewController.swift in Sources */ = {isa = PBXBuildFile; fileRef = 1037111B289002B90072E195 /* ViewController.swift */; };
		10371122289002B90072E195 /* Notes_Swift.xcdatamodeld in Sources */ = {isa = PBXBuildFile; fileRef = 10371120289002B90072E195 /* Notes_Swift.xcdatamodeld */; };
		10371124289002C10072E195 /* Assets.xcassets in Resources */ = {isa = PBXBuildFile; fileRef = 10371123289002C10072E195 /* Assets.xcassets */; };
		10371127289002C10072E195 /* LaunchScreen.storyboard in Resources */ = {isa = PBXBuildFile; fileRef = 10371125289002C10072E195 /* LaunchScreen.storyboard */; };
		10371132289002C10072E195 /* Notes_SwiftTests.swift in Sources */ = {isa = PBXBuildFile; fileRef = 10371131289002C10072E195 /* Notes_SwiftTests.swift */; };
		1037113C289002C10072E195 /* Notes_SwiftUITests.swift in Sources */ = {isa = PBXBuildFile; fileRef = 1037113B289002C10072E195 /* Notes_SwiftUITests.swift */; };
		1037113E289002C10072E195 /* Notes_SwiftUITestsLaunchTests.swift in Sources */ = {isa = PBXBuildFile; fileRef = 1037113D289002C10072E195 /* Notes_SwiftUITestsLaunchTests.swift */; };
		1037114B2890273C0072E195 /* NoteDetailsViewController.swift in Sources */ = {isa = PBXBuildFile; fileRef = 1037114A2890273C0072E195 /* NoteDetailsViewController.swift */; };
		1037114E2890278E0072E195 /* Main.storyboard in Resources */ = {isa = PBXBuildFile; fileRef = 1037114C2890278D0072E195 /* Main.storyboard */; };
/* End PBXBuildFile section */

/* Begin PBXContainerItemProxy section */
		1037112E289002C10072E195 /* PBXContainerItemProxy */ = {
			isa = PBXContainerItemProxy;
			containerPortal = 1037110C289002B90072E195 /* Project object */;
			proxyType = 1;
			remoteGlobalIDString = 10371113289002B90072E195;
			remoteInfo = Notes_Swift;
		};
		10371138289002C10072E195 /* PBXContainerItemProxy */ = {
			isa = PBXContainerItemProxy;
			containerPortal = 1037110C289002B90072E195 /* Project object */;
			proxyType = 1;
			remoteGlobalIDString = 10371113289002B90072E195;
			remoteInfo = Notes_Swift;
		};
/* End PBXContainerItemProxy section */

/* Begin PBXFileReference section */
		10371114289002B90072E195 /* Notes_Swift.app */ = {isa = PBXFileReference; explicitFileType = wrapper.application; includeInIndex = 0; path = Notes_Swift.app; sourceTree = BUILT_PRODUCTS_DIR; };
		10371117289002B90072E195 /* AppDelegate.swift */ = {isa = PBXFileReference; lastKnownFileType = sourcecode.swift; path = AppDelegate.swift; sourceTree = "<group>"; };
		10371119289002B90072E195 /* SceneDelegate.swift */ = {isa = PBXFileReference; lastKnownFileType = sourcecode.swift; path = SceneDelegate.swift; sourceTree = "<group>"; };
		1037111B289002B90072E195 /* ViewController.swift */ = {isa = PBXFileReference; lastKnownFileType = sourcecode.swift; path = ViewController.swift; sourceTree = "<group>"; };
		10371121289002B90072E195 /* Notes_Swift.xcdatamodel */ = {isa = PBXFileReference; lastKnownFileType = wrapper.xcdatamodel; path = Notes_Swift.xcdatamodel; sourceTree = "<group>"; };
		10371123289002C10072E195 /* Assets.xcassets */ = {isa = PBXFileReference; lastKnownFileType = folder.assetcatalog; path = Assets.xcassets; sourceTree = "<group>"; };
		10371126289002C10072E195 /* Base */ = {isa = PBXFileReference; lastKnownFileType = file.storyboard; name = Base; path = Base.lproj/LaunchScreen.storyboard; sourceTree = "<group>"; };
		10371128289002C10072E195 /* Info.plist */ = {isa = PBXFileReference; lastKnownFileType = text.plist.xml; path = Info.plist; sourceTree = "<group>"; };
		1037112D289002C10072E195 /* Notes_SwiftTests.xctest */ = {isa = PBXFileReference; explicitFileType = wrapper.cfbundle; includeInIndex = 0; path = Notes_SwiftTests.xctest; sourceTree = BUILT_PRODUCTS_DIR; };
		10371131289002C10072E195 /* Notes_SwiftTests.swift */ = {isa = PBXFileReference; lastKnownFileType = sourcecode.swift; path = Notes_SwiftTests.swift; sourceTree = "<group>"; };
		10371137289002C10072E195 /* Notes_SwiftUITests.xctest */ = {isa = PBXFileReference; explicitFileType = wrapper.cfbundle; includeInIndex = 0; path = Notes_SwiftUITests.xctest; sourceTree = BUILT_PRODUCTS_DIR; };
		1037113B289002C10072E195 /* Notes_SwiftUITests.swift */ = {isa = PBXFileReference; lastKnownFileType = sourcecode.swift; path = Notes_SwiftUITests.swift; sourceTree = "<group>"; };
		1037113D289002C10072E195 /* Notes_SwiftUITestsLaunchTests.swift */ = {isa = PBXFileReference; lastKnownFileType = sourcecode.swift; path = Notes_SwiftUITestsLaunchTests.swift; sourceTree = "<group>"; };
		1037114A2890273C0072E195 /* NoteDetailsViewController.swift */ = {isa = PBXFileReference; fileEncoding = 4; lastKnownFileType = sourcecode.swift; name = NoteDetailsViewController.swift; path = "../../../../Downloads/Note-Taking-App-main/Note Taking App/NoteDetailsViewController.swift"; sourceTree = "<group>"; };
		1037114D2890278D0072E195 /* Base */ = {isa = PBXFileReference; lastKnownFileType = file.storyboard; name = Base; path = "../../../../Downloads/Note-Taking-App-main/Note Taking App/Base.lproj/Main.storyboard"; sourceTree = "<group>"; };
/* End PBXFileReference section */

/* Begin PBXFrameworksBuildPhase section */
		10371111289002B90072E195 /* Frameworks */ = {
			isa = PBXFrameworksBuildPhase;
			buildActionMask = 2147483647;
			files = (
			);
			runOnlyForDeploymentPostprocessing = 0;
		};
		1037112A289002C10072E195 /* Frameworks */ = {
			isa = PBXFrameworksBuildPhase;
			buildActionMask = 2147483647;
			files = (
			);
			runOnlyForDeploymentPostprocessing = 0;
		};
		10371134289002C10072E195 /* Frameworks */ = {
			isa = PBXFrameworksBuildPhase;
			buildActionMask = 2147483647;
			files = (
			);
			runOnlyForDeploymentPostprocessing = 0;
		};
/* End PBXFrameworksBuildPhase section */

/* Begin PBXGroup section */
		1037110B289002B90072E195 = {
			isa = PBXGroup;
			children = (
				10371116289002B90072E195 /* Notes_Swift */,
				10371130289002C10072E195 /* Notes_SwiftTests */,
				1037113A289002C10072E195 /* Notes_SwiftUITests */,
				10371115289002B90072E195 /* Products */,
			);
			sourceTree = "<group>";
		};
		10371115289002B90072E195 /* Products */ = {
			isa = PBXGroup;
			children = (
				10371114289002B90072E195 /* Notes_Swift.app */,
				1037112D289002C10072E195 /* Notes_SwiftTests.xctest */,
				10371137289002C10072E195 /* Notes_SwiftUITests.xctest */,
			);
			name = Products;
			sourceTree = "<group>";
		};
		10371116289002B90072E195 /* Notes_Swift */ = {
			isa = PBXGroup;
			children = (
				10371117289002B90072E195 /* AppDelegate.swift */,
				10371119289002B90072E195 /* SceneDelegate.swift */,
				1037111B289002B90072E195 /* ViewController.swift */,
				1037114A2890273C0072E195 /* NoteDetailsViewController.swift */,
				1037114C2890278D0072E195 /* Main.storyboard */,
				10371123289002C10072E195 /* Assets.xcassets */,
				10371125289002C10072E195 /* LaunchScreen.storyboard */,
				10371128289002C10072E195 /* Info.plist */,
				10371120289002B90072E195 /* Notes_Swift.xcdatamodeld */,
			);
			path = Notes_Swift;
			sourceTree = "<group>";
		};
		10371130289002C10072E195 /* Notes_SwiftTests */ = {
			isa = PBXGroup;
			children = (
				10371131289002C10072E195 /* Notes_SwiftTests.swift */,
			);
			path = Notes_SwiftTests;
			sourceTree = "<group>";
		};
		1037113A289002C10072E195 /* Notes_SwiftUITests */ = {
			isa = PBXGroup;
			children = (
				1037113B289002C10072E195 /* Notes_SwiftUITests.swift */,
				1037113D289002C10072E195 /* Notes_SwiftUITestsLaunchTests.swift */,
			);
			path = Notes_SwiftUITests;
			sourceTree = "<group>";
		};
/* End PBXGroup section */

/* Begin PBXNativeTarget section */
		10371113289002B90072E195 /* Notes_Swift */ = {
			isa = PBXNativeTarget;
			buildConfigurationList = 10371141289002C10072E195 /* Build configuration list for PBXNativeTarget "Notes_Swift" */;
			buildPhases = (
				10371110289002B90072E195 /* Sources */,
				10371111289002B90072E195 /* Frameworks */,
				10371112289002B90072E195 /* Resources */,
			);
			buildRules = (
			);
			dependencies = (
			);
			name = Notes_Swift;
			productName = Notes_Swift;
			productReference = 10371114289002B90072E195 /* Notes_Swift.app */;
			productType = "com.apple.product-type.application";
		};
		1037112C289002C10072E195 /* Notes_SwiftTests */ = {
			isa = PBXNativeTarget;
			buildConfigurationList = 10371144289002C10072E195 /* Build configuration list for PBXNativeTarget "Notes_SwiftTests" */;
			buildPhases = (
				10371129289002C10072E195 /* Sources */,
				1037112A289002C10072E195 /* Frameworks */,
				1037112B289002C10072E195 /* Resources */,
			);
			buildRules = (
			);
			dependencies = (
				1037112F289002C10072E195 /* PBXTargetDependency */,
			);
			name = Notes_SwiftTests;
			productName = Notes_SwiftTests;
			productReference = 1037112D289002C10072E195 /* Notes_SwiftTests.xctest */;
			productType = "com.apple.product-type.bundle.unit-test";
		};
		10371136289002C10072E195 /* Notes_SwiftUITests */ = {
			isa = PBXNativeTarget;
			buildConfigurationList = 10371147289002C10072E195 /* Build configuration list for PBXNativeTarget "Notes_SwiftUITests" */;
			buildPhases = (
				10371133289002C10072E195 /* Sources */,
				10371134289002C10072E195 /* Frameworks */,
				10371135289002C10072E195 /* Resources */,
			);
			buildRules = (
			);
			dependencies = (
				10371139289002C10072E195 /* PBXTargetDependency */,
			);
			name = Notes_SwiftUITests;
			productName = Notes_SwiftUITests;
			productReference = 10371137289002C10072E195 /* Notes_SwiftUITests.xctest */;
			productType = "com.apple.product-type.bundle.ui-testing";
		};
/* End PBXNativeTarget section */

/* Begin PBXProject section */
		1037110C289002B90072E195 /* Project object */ = {
			isa = PBXProject;
			attributes = {
				BuildIndependentTargetsInParallel = 1;
				LastSwiftUpdateCheck = 1340;
				LastUpgradeCheck = 1340;
				TargetAttributes = {
					10371113289002B90072E195 = {
						CreatedOnToolsVersion = 13.4.1;
					};
					1037112C289002C10072E195 = {
						CreatedOnToolsVersion = 13.4.1;
						TestTargetID = 10371113289002B90072E195;
					};
					10371136289002C10072E195 = {
						CreatedOnToolsVersion = 13.4.1;
						TestTargetID = 10371113289002B90072E195;
					};
				};
			};
			buildConfigurationList = 1037110F289002B90072E195 /* Build configuration list for PBXProject "Notes_Swift" */;
			compatibilityVersion = "Xcode 13.0";
			developmentRegion = en;
			hasScannedForEncodings = 0;
			knownRegions = (
				en,
				Base,
			);
			mainGroup = 1037110B289002B90072E195;
			productRefGroup = 10371115289002B90072E195 /* Products */;
			projectDirPath = "";
			projectRoot = "";
			targets = (
				10371113289002B90072E195 /* Notes_Swift */,
				1037112C289002C10072E195 /* Notes_SwiftTests */,
				10371136289002C10072E195 /* Notes_SwiftUITests */,
			);
		};
/* End PBXProject section */

/* Begin PBXResourcesBuildPhase section */
		10371112289002B90072E195 /* Resources */ = {
			isa = PBXResourcesBuildPhase;
			buildActionMask = 2147483647;
			files = (
				10371127289002C10072E195 /* LaunchScreen.storyboard in Resources */,
				10371124289002C10072E195 /* Assets.xcassets in Resources */,
				1037114E2890278E0072E195 /* Main.storyboard in Resources */,
			);
			runOnlyForDeploymentPostprocessing = 0;
		};
		1037112B289002C10072E195 /* Resources */ = {
			isa = PBXResourcesBuildPhase;
			buildActionMask = 2147483647;
			files = (
			);
			runOnlyForDeploymentPostprocessing = 0;
		};
		10371135289002C10072E195 /* Resources */ = {
			isa = PBXResourcesBuildPhase;
			buildActionMask = 2147483647;
			files = (
			);
			runOnlyForDeploymentPostprocessing = 0;
		};
/* End PBXResourcesBuildPhase section */

/* Begin PBXSourcesBuildPhase section */
		10371110289002B90072E195 /* Sources */ = {
			isa = PBXSourcesBuildPhase;
			buildActionMask = 2147483647;
			files = (
				1037111C289002B90072E195 /* ViewController.swift in Sources */,
				10371122289002B90072E195 /* Notes_Swift.xcdatamodeld in Sources */,
				10371118289002B90072E195 /* AppDelegate.swift in Sources */,
				1037114B2890273C0072E195 /* NoteDetailsViewController.swift in Sources */,
				1037111A289002B90072E195 /* SceneDelegate.swift in Sources */,
			);
			runOnlyForDeploymentPostprocessing = 0;
		};
		10371129289002C10072E195 /* Sources */ = {
			isa = PBXSourcesBuildPhase;
			buildActionMask = 2147483647;
			files = (
				10371132289002C10072E195 /* Notes_SwiftTests.swift in Sources */,
			);
			runOnlyForDeploymentPostprocessing = 0;
		};
		10371133289002C10072E195 /* Sources */ = {
			isa = PBXSourcesBuildPhase;
			buildActionMask = 2147483647;
			files = (
				1037113E289002C10072E195 /* Notes_SwiftUITestsLaunchTests.swift in Sources */,
				1037113C289002C10072E195 /* Notes_SwiftUITests.swift in Sources */,
			);
			runOnlyForDeploymentPostprocessing = 0;
		};
/* End PBXSourcesBuildPhase section */

/* Begin PBXTargetDependency section */
		1037112F289002C10072E195 /* PBXTargetDependency */ = {
			isa = PBXTargetDependency;
			target = 10371113289002B90072E195 /* Notes_Swift */;
			targetProxy = 1037112E289002C10072E195 /* PBXContainerItemProxy */;
		};
		10371139289002C10072E195 /* PBXTargetDependency */ = {
			isa = PBXTargetDependency;
			target = 10371113289002B90072E195 /* Notes_Swift */;
			targetProxy = 10371138289002C10072E195 /* PBXContainerItemProxy */;
		};
/* End PBXTargetDependency section */

/* Begin PBXVariantGroup section */
		10371125289002C10072E195 /* LaunchScreen.storyboard */ = {
			isa = PBXVariantGroup;
			children = (
				10371126289002C10072E195 /* Base */,
			);
			name = LaunchScreen.storyboard;
			sourceTree = "<group>";
		};
		1037114C2890278D0072E195 /* Main.storyboard */ = {
			isa = PBXVariantGroup;
			children = (
				1037114D2890278D0072E195 /* Base */,
			);
			name = Main.storyboard;
			sourceTree = "<group>";
		};
/* End PBXVariantGroup section */

/* Begin XCBuildConfiguration section */
		1037113F289002C10072E195 /* Debug */ = {
			isa = XCBuildConfiguration;
			buildSettings = {
				ALWAYS_SEARCH_USER_PATHS = NO;
				CLANG_ANALYZER_NONNULL = YES;
				CLANG_ANALYZER_NUMBER_OBJECT_CONVERSION = YES_AGGRESSIVE;
				CLANG_CXX_LANGUAGE_STANDARD = "gnu++17";
				CLANG_ENABLE_MODULES = YES;
				CLANG_ENABLE_OBJC_ARC = YES;
				CLANG_ENABLE_OBJC_WEAK = YES;
				CLANG_WARN_BLOCK_CAPTURE_AUTORELEASING = YES;
				CLANG_WARN_BOOL_CONVERSION = YES;
				CLANG_WARN_COMMA = YES;
				CLANG_WARN_CONSTANT_CONVERSION = YES;
				CLANG_WARN_DEPRECATED_OBJC_IMPLEMENTATIONS = YES;
				CLANG_WARN_DIRECT_OBJC_ISA_USAGE = YES_ERROR;
				CLANG_WARN_DOCUMENTATION_COMMENTS = YES;
				CLANG_WARN_EMPTY_BODY = YES;
				CLANG_WARN_ENUM_CONVERSION = YES;
				CLANG_WARN_INFINITE_RECURSION = YES;
				CLANG_WARN_INT_CONVERSION = YES;
				CLANG_WARN_NON_LITERAL_NULL_CONVERSION = YES;
				CLANG_WARN_OBJC_IMPLICIT_RETAIN_SELF = YES;
				CLANG_WARN_OBJC_LITERAL_CONVERSION = YES;
				CLANG_WARN_OBJC_ROOT_CLASS = YES_ERROR;
				CLANG_WARN_QUOTED_INCLUDE_IN_FRAMEWORK_HEADER = YES;
				CLANG_WARN_RANGE_LOOP_ANALYSIS = YES;
				CLANG_WARN_STRICT_PROTOTYPES = YES;
				CLANG_WARN_SUSPICIOUS_MOVE = YES;
				CLANG_WARN_UNGUARDED_AVAILABILITY = YES_AGGRESSIVE;
				CLANG_WARN_UNREACHABLE_CODE = YES;
				CLANG_WARN__DUPLICATE_METHOD_MATCH = YES;
				COPY_PHASE_STRIP = NO;
				DEBUG_INFORMATION_FORMAT = dwarf;
				ENABLE_STRICT_OBJC_MSGSEND = YES;
				ENABLE_TESTABILITY = YES;
				GCC_C_LANGUAGE_STANDARD = gnu11;
				GCC_DYNAMIC_NO_PIC = NO;
				GCC_NO_COMMON_BLOCKS = YES;
				GCC_OPTIMIZATION_LEVEL = 0;
				GCC_PREPROCESSOR_DEFINITIONS = (
					"DEBUG=1",
					"$(inherited)",
				);
				GCC_WARN_64_TO_32_BIT_CONVERSION = YES;
				GCC_WARN_ABOUT_RETURN_TYPE = YES_ERROR;
				GCC_WARN_UNDECLARED_SELECTOR = YES;
				GCC_WARN_UNINITIALIZED_AUTOS = YES_AGGRESSIVE;
				GCC_WARN_UNUSED_FUNCTION = YES;
				GCC_WARN_UNUSED_VARIABLE = YES;
				IPHONEOS_DEPLOYMENT_TARGET = 15.5;
				MTL_ENABLE_DEBUG_INFO = INCLUDE_SOURCE;
				MTL_FAST_MATH = YES;
				ONLY_ACTIVE_ARCH = YES;
				SDKROOT = iphoneos;
				SWIFT_ACTIVE_COMPILATION_CONDITIONS = DEBUG;
				SWIFT_OPTIMIZATION_LEVEL = "-Onone";
			};
			name = Debug;
		};
		10371140289002C10072E195 /* Release */ = {
			isa = XCBuildConfiguration;
			buildSettings = {
				ALWAYS_SEARCH_USER_PATHS = NO;
				CLANG_ANALYZER_NONNULL = YES;
				CLANG_ANALYZER_NUMBER_OBJECT_CONVERSION = YES_AGGRESSIVE;
				CLANG_CXX_LANGUAGE_STANDARD = "gnu++17";
				CLANG_ENABLE_MODULES = YES;
				CLANG_ENABLE_OBJC_ARC = YES;
				CLANG_ENABLE_OBJC_WEAK = YES;
				CLANG_WARN_BLOCK_CAPTURE_AUTORELEASING = YES;
				CLANG_WARN_BOOL_CONVERSION = YES;
				CLANG_WARN_COMMA = YES;
				CLANG_WARN_CONSTANT_CONVERSION = YES;
				CLANG_WARN_DEPRECATED_OBJC_IMPLEMENTATIONS = YES;
				CLANG_WARN_DIRECT_OBJC_ISA_USAGE = YES_ERROR;
				CLANG_WARN_DOCUMENTATION_COMMENTS = YES;
				CLANG_WARN_EMPTY_BODY = YES;
				CLANG_WARN_ENUM_CONVERSION = YES;
				CLANG_WARN_INFINITE_RECURSION = YES;
				CLANG_WARN_INT_CONVERSION = YES;
				CLANG_WARN_NON_LITERAL_NULL_CONVERSION = YES;
				CLANG_WARN_OBJC_IMPLICIT_RETAIN_SELF = YES;
				CLANG_WARN_OBJC_LITERAL_CONVERSION = YES;
				CLANG_WARN_OBJC_ROOT_CLASS = YES_ERROR;
				CLANG_WARN_QUOTED_INCLUDE_IN_FRAMEWORK_HEADER = YES;
				CLANG_WARN_RANGE_LOOP_ANALYSIS = YES;
				CLANG_WARN_STRICT_PROTOTYPES = YES;
				CLANG_WARN_SUSPICIOUS_MOVE = YES;
				CLANG_WARN_UNGUARDED_AVAILABILITY = YES_AGGRESSIVE;
				CLANG_WARN_UNREACHABLE_CODE = YES;
				CLANG_WARN__DUPLICATE_METHOD_MATCH = YES;
				COPY_PHASE_STRIP = NO;
				DEBUG_INFORMATION_FORMAT = "dwarf-with-dsym";
				ENABLE_NS_ASSERTIONS = NO;
				ENABLE_STRICT_OBJC_MSGSEND = YES;
				GCC_C_LANGUAGE_STANDARD = gnu11;
				GCC_NO_COMMON_BLOCKS = YES;
				GCC_WARN_64_TO_32_BIT_CONVERSION = YES;
				GCC_WARN_ABOUT_RETURN_TYPE = YES_ERROR;
				GCC_WARN_UNDECLARED_SELECTOR = YES;
				GCC_WARN_UNINITIALIZED_AUTOS = YES_AGGRESSIVE;
				GCC_WARN_UNUSED_FUNCTION = YES;
				GCC_WARN_UNUSED_VARIABLE = YES;
				IPHONEOS_DEPLOYMENT_TARGET = 15.5;
				MTL_ENABLE_DEBUG_INFO = NO;
				MTL_FAST_MATH = YES;
				SDKROOT = iphoneos;
				SWIFT_COMPILATION_MODE = wholemodule;
				SWIFT_OPTIMIZATION_LEVEL = "-O";
				VALIDATE_PRODUCT = YES;
			};
			name = Release;
		};
		10371142289002C10072E195 /* Debug */ = {
			isa = XCBuildConfiguration;
			buildSettings = {
				ASSETCATALOG_COMPILER_APPICON_NAME = AppIcon;
				ASSETCATALOG_COMPILER_GLOBAL_ACCENT_COLOR_NAME = AccentColor;
				CODE_SIGN_STYLE = Automatic;
				CURRENT_PROJECT_VERSION = 1;
				DEVELOPMENT_TEAM = T9ZVULXTV2;
				GENERATE_INFOPLIST_FILE = YES;
				INFOPLIST_FILE = Notes_Swift/Info.plist;
				INFOPLIST_KEY_UIApplicationSupportsIndirectInputEvents = YES;
				INFOPLIST_KEY_UILaunchStoryboardName = LaunchScreen;
				INFOPLIST_KEY_UIMainStoryboardFile = Main;
				INFOPLIST_KEY_UISupportedInterfaceOrientations_iPad = "UIInterfaceOrientationPortrait UIInterfaceOrientationPortraitUpsideDown UIInterfaceOrientationLandscapeLeft UIInterfaceOrientationLandscapeRight";
				INFOPLIST_KEY_UISupportedInterfaceOrientations_iPhone = "UIInterfaceOrientationPortrait UIInterfaceOrientationLandscapeLeft UIInterfaceOrientationLandscapeRight";
				LD_RUNPATH_SEARCH_PATHS = (
					"$(inherited)",
					"@executable_path/Frameworks",
				);
				MARKETING_VERSION = 1.0;
				PRODUCT_BUNDLE_IDENTIFIER = "Jamal-Gumasov.Notes-Swift";
				PRODUCT_NAME = "$(TARGET_NAME)";
				SWIFT_EMIT_LOC_STRINGS = YES;
				SWIFT_VERSION = 5.0;
				TARGETED_DEVICE_FAMILY = "1,2";
			};
			name = Debug;
		};
		10371143289002C10072E195 /* Release */ = {
			isa = XCBuildConfiguration;
			buildSettings = {
				ASSETCATALOG_COMPILER_APPICON_NAME = AppIcon;
				ASSETCATALOG_COMPILER_GLOBAL_ACCENT_COLOR_NAME = AccentColor;
				CODE_SIGN_STYLE = Automatic;
				CURRENT_PROJECT_VERSION = 1;
				DEVELOPMENT_TEAM = T9ZVULXTV2;
				GENERATE_INFOPLIST_FILE = YES;
				INFOPLIST_FILE = Notes_Swift/Info.plist;
				INFOPLIST_KEY_UIApplicationSupportsIndirectInputEvents = YES;
				INFOPLIST_KEY_UILaunchStoryboardName = LaunchScreen;
				INFOPLIST_KEY_UIMainStoryboardFile = Main;
				INFOPLIST_KEY_UISupportedInterfaceOrientations_iPad = "UIInterfaceOrientationPortrait UIInterfaceOrientationPortraitUpsideDown UIInterfaceOrientationLandscapeLeft UIInterfaceOrientationLandscapeRight";
				INFOPLIST_KEY_UISupportedInterfaceOrientations_iPhone = "UIInterfaceOrientationPortrait UIInterfaceOrientationLandscapeLeft UIInterfaceOrientationLandscapeRight";
				LD_RUNPATH_SEARCH_PATHS = (
					"$(inherited)",
					"@executable_path/Frameworks",
				);
				MARKETING_VERSION = 1.0;
				PRODUCT_BUNDLE_IDENTIFIER = "Jamal-Gumasov.Notes-Swift";
				PRODUCT_NAME = "$(TARGET_NAME)";
				SWIFT_EMIT_LOC_STRINGS = YES;
				SWIFT_VERSION = 5.0;
				TARGETED_DEVICE_FAMILY = "1,2";
			};
			name = Release;
		};
		10371145289002C10072E195 /* Debug */ = {
			isa = XCBuildConfiguration;
			buildSettings = {
				ALWAYS_EMBED_SWIFT_STANDARD_LIBRARIES = YES;
				BUNDLE_LOADER = "$(TEST_HOST)";
				CODE_SIGN_STYLE = Automatic;
				CURRENT_PROJECT_VERSION = 1;
				DEVELOPMENT_TEAM = T9ZVULXTV2;
				GENERATE_INFOPLIST_FILE = YES;
				IPHONEOS_DEPLOYMENT_TARGET = 15.5;
				MARKETING_VERSION = 1.0;
				PRODUCT_BUNDLE_IDENTIFIER = "Jamal-Gumasov.Notes-SwiftTests";
				PRODUCT_NAME = "$(TARGET_NAME)";
				SWIFT_EMIT_LOC_STRINGS = NO;
				SWIFT_VERSION = 5.0;
				TARGETED_DEVICE_FAMILY = "1,2";
				TEST_HOST = "$(BUILT_PRODUCTS_DIR)/Notes_Swift.app/Notes_Swift";
			};
			name = Debug;
		};
		10371146289002C10072E195 /* Release */ = {
			isa = XCBuildConfiguration;
			buildSettings = {
				ALWAYS_EMBED_SWIFT_STANDARD_LIBRARIES = YES;
				BUNDLE_LOADER = "$(TEST_HOST)";
				CODE_SIGN_STYLE = Automatic;
				CURRENT_PROJECT_VERSION = 1;
				DEVELOPMENT_TEAM = T9ZVULXTV2;
				GENERATE_INFOPLIST_FILE = YES;
				IPHONEOS_DEPLOYMENT_TARGET = 15.5;
				MARKETING_VERSION = 1.0;
				PRODUCT_BUNDLE_IDENTIFIER = "Jamal-Gumasov.Notes-SwiftTests";
				PRODUCT_NAME = "$(TARGET_NAME)";
				SWIFT_EMIT_LOC_STRINGS = NO;
				SWIFT_VERSION = 5.0;
				TARGETED_DEVICE_FAMILY = "1,2";
				TEST_HOST = "$(BUILT_PRODUCTS_DIR)/Notes_Swift.app/Notes_Swift";
			};
			name = Release;
		};
		10371148289002C10072E195 /* Debug */ = {
			isa = XCBuildConfiguration;
			buildSettings = {
				ALWAYS_EMBED_SWIFT_STANDARD_LIBRARIES = YES;
				CODE_SIGN_STYLE = Automatic;
				CURRENT_PROJECT_VERSION = 1;
				DEVELOPMENT_TEAM = T9ZVULXTV2;
				GENERATE_INFOPLIST_FILE = YES;
				MARKETING_VERSION = 1.0;
				PRODUCT_BUNDLE_IDENTIFIER = "Jamal-Gumasov.Notes-SwiftUITests";
				PRODUCT_NAME = "$(TARGET_NAME)";
				SWIFT_EMIT_LOC_STRINGS = NO;
				SWIFT_VERSION = 5.0;
				TARGETED_DEVICE_FAMILY = "1,2";
				TEST_TARGET_NAME = Notes_Swift;
			};
			name = Debug;
		};
		10371149289002C10072E195 /* Release */ = {
			isa = XCBuildConfiguration;
			buildSettings = {
				ALWAYS_EMBED_SWIFT_STANDARD_LIBRARIES = YES;
				CODE_SIGN_STYLE = Automatic;
				CURRENT_PROJECT_VERSION = 1;
				DEVELOPMENT_TEAM = T9ZVULXTV2;
				GENERATE_INFOPLIST_FILE = YES;
				MARKETING_VERSION = 1.0;
				PRODUCT_BUNDLE_IDENTIFIER = "Jamal-Gumasov.Notes-SwiftUITests";
				PRODUCT_NAME = "$(TARGET_NAME)";
				SWIFT_EMIT_LOC_STRINGS = NO;
				SWIFT_VERSION = 5.0;
				TARGETED_DEVICE_FAMILY = "1,2";
				TEST_TARGET_NAME = Notes_Swift;
			};
			name = Release;
		};
/* End XCBuildConfiguration section */

/* Begin XCConfigurationList section */
		1037110F289002B90072E195 /* Build configuration list for PBXProject "Notes_Swift" */ = {
			isa = XCConfigurationList;
			buildConfigurations = (
				1037113F289002C10072E195 /* Debug */,
				10371140289002C10072E195 /* Release */,
			);
			defaultConfigurationIsVisible = 0;
			defaultConfigurationName = Release;
		};
		10371141289002C10072E195 /* Build configuration list for PBXNativeTarget "Notes_Swift" */ = {
			isa = XCConfigurationList;
			buildConfigurations = (
				10371142289002C10072E195 /* Debug */,
				10371143289002C10072E195 /* Release */,
			);
			defaultConfigurationIsVisible = 0;
			defaultConfigurationName = Release;
		};
		10371144289002C10072E195 /* Build configuration list for PBXNativeTarget "Notes_SwiftTests" */ = {
			isa = XCConfigurationList;
			buildConfigurations = (
				10371145289002C10072E195 /* Debug */,
				10371146289002C10072E195 /* Release */,
			);
			defaultConfigurationIsVisible = 0;
			defaultConfigurationName = Release;
		};
		10371147289002C10072E195 /* Build configuration list for PBXNativeTarget "Notes_SwiftUITests" */ = {
			isa = XCConfigurationList;
			buildConfigurations = (
				10371148289002C10072E195 /* Debug */,
				10371149289002C10072E195 /* Release */,
			);
			defaultConfigurationIsVisible = 0;
			defaultConfigurationName = Release;
		};
/* End XCConfigurationList section */

/* Begin XCVersionGroup section */
		10371120289002B90072E195 /* Notes_Swift.xcdatamodeld */ = {
			isa = XCVersionGroup;
			children = (
				10371121289002B90072E195 /* Notes_Swift.xcdatamodel */,
			);
			currentVersion = 10371121289002B90072E195 /* Notes_Swift.xcdatamodel */;
			path = Notes_Swift.xcdatamodeld;
			sourceTree = "<group>";
			versionGroupType = wrapper.xcdatamodel;
		};
/* End XCVersionGroup section */
	};
	rootObject = 1037110C289002B90072E195 /* Project object */;
}
